
Microsoft Visual Studio Solution File, Format Version 12.00
# Visual Studio Version 17
VisualStudioVersion = 17.10.35013.160
MinimumVisualStudioVersion = 10.0.40219.1
Project("{FAE04EC0-301F-11D3-BF4B-00C04F79EFBC}") = "App", "App\App.csproj", "{96ECA010-F21B-4B52-A507-38877A6CF5F7}"
EndProject
Global
	GlobalSection(SolutionConfigurationPlatforms) = preSolution
		Debug|Any CPU = Debug|Any CPU
		Release|Any CPU = Release|Any CPU
	EndGlobalSection
	GlobalSection(ProjectConfigurationPlatforms) = postSolution
		{96ECA010-F21B-4B52-A507-38877A6CF5F7}.Debug|Any CPU.ActiveCfg = Debug|Any CPU
		{96ECA010-F21B-4B52-A507-38877A6CF5F7}.Debug|Any CPU.Build.0 = Debug|Any CPU
		{96ECA010-F21B-4B52-A507-38877A6CF5F7}.Release|Any CPU.ActiveCfg = Release|Any CPU
		{96ECA010-F21B-4B52-A507-38877A6CF5F7}.Release|Any CPU.Build.0 = Release|Any CPU
	EndGlobalSection
	GlobalSection(SolutionProperties) = preSolution
		HideSolutionNode = FALSE
	EndGlobalSection
	GlobalSection(ExtensibilityGlobals) = postSolution
		SolutionGuid = {0FCBEF27-3A27-4159-9821-975D50DC23AD}
	EndGlobalSection
EndGlobal
